
Microsoft Visual Studio Solution File, Format Version 12.00
# Visual Studio Version 17
VisualStudioVersion = 17.11.35327.3
MinimumVisualStudioVersion = 10.0.40219.1
Project("{FAE04EC0-301F-11D3-BF4B-00C04F79EFBC}") = "Calculator", "Calculator\Calculator.csproj", "{8DE6EA7C-B0B3-4D42-AC68-6B4DE723EE7B}"
EndProject
Global
	GlobalSection(SolutionConfigurationPlatforms) = preSolution
		Debug|Any CPU = Debug|Any CPU
		Release|Any CPU = Release|Any CPU
	EndGlobalSection
	GlobalSection(ProjectConfigurationPlatforms) = postSolution
		{8DE6EA7C-B0B3-4D42-AC68-6B4DE723EE7B}.Debug|Any CPU.ActiveCfg = Debug|Any CPU
		{8DE6EA7C-B0B3-4D42-AC68-6B4DE723EE7B}.Debug|Any CPU.Build.0 = Debug|Any CPU
		{8DE6EA7C-B0B3-4D42-AC68-6B4DE723EE7B}.Release|Any CPU.ActiveCfg = Release|Any CPU
		{8DE6EA7C-B0B3-4D42-AC68-6B4DE723EE7B}.Release|Any CPU.Build.0 = Release|Any CPU
	EndGlobalSection
	GlobalSection(SolutionProperties) = preSolution
		HideSolutionNode = FALSE
	EndGlobalSection
	GlobalSection(ExtensibilityGlobals) = postSolution
		SolutionGuid = {0879325C-C83E-4546-A4ED-7E24092ECFD8}
	EndGlobalSection
EndGlobal
